%{"benchee": {:hex, :benchee, "0.5.0", "de9555c5183b1cbb5cbddac723a03accdf6869cd9330f45064dd4411ee060ba1", [:mix], []},
  "bunt": {:hex, :bunt, "0.1.6", "5d95a6882f73f3b9969fdfd1953798046664e6f77ec4e486e6fafc7caad97c6f", [:mix], []},
  "credo": {:hex, :credo, "0.4.12", "f5e1973405ea25c6e64959fb0b6bf92950147a0278cc2a002a491b45f78f7b87", [:mix], [{:bunt, "~> 0.1.6", [hex: :bunt, optional: false]}]}}
